// !$*UTF8*$!
{
	archiveVersion = 1;
	classes = {
	};
	objectVersion = 46;
	objects = {

/* Begin PBXBuildFile section */
		307610DB520B83DDF7CEC350 /* Pods_DKCloudKit_Tests.framework in Frameworks */ = {isa = PBXBuildFile; fileRef = CA76A9131D1790C104324AD0 /* Pods_DKCloudKit_Tests.framework */; };
		607FACD61AFB9204008FA782 /* AppDelegate.swift in Sources */ = {isa = PBXBuildFile; fileRef = 607FACD51AFB9204008FA782 /* AppDelegate.swift */; };
		607FACD81AFB9204008FA782 /* ViewController.swift in Sources */ = {isa = PBXBuildFile; fileRef = 607FACD71AFB9204008FA782 /* ViewController.swift */; };
		607FACDB1AFB9204008FA782 /* Main.storyboard in Resources */ = {isa = PBXBuildFile; fileRef = 607FACD91AFB9204008FA782 /* Main.storyboard */; };
		607FACDD1AFB9204008FA782 /* Images.xcassets in Resources */ = {isa = PBXBuildFile; fileRef = 607FACDC1AFB9204008FA782 /* Images.xcassets */; };
		607FACE01AFB9204008FA782 /* LaunchScreen.xib in Resources */ = {isa = PBXBuildFile; fileRef = 607FACDE1AFB9204008FA782 /* LaunchScreen.xib */; };
		607FACEC1AFB9204008FA782 /* Tests.swift in Sources */ = {isa = PBXBuildFile; fileRef = 607FACEB1AFB9204008FA782 /* Tests.swift */; };
		84CAF2A62D38A5B600100635 /* DKCloudKit.framework in Frameworks */ = {isa = PBXBuildFile; fileRef = 84CAF2A52D38A5B600100635 /* DKCloudKit.framework */; };
		84CAF2A72D38A5B600100635 /* DKCloudKit.framework in Embed Frameworks */ = {isa = PBXBuildFile; fileRef = 84CAF2A52D38A5B600100635 /* DKCloudKit.framework */; settings = {ATTRIBUTES = (CodeSignOnCopy, RemoveHeadersOnCopy, ); }; };
		84CAF2AA2D38A5C500100635 /* DKCloudKit.framework in Frameworks */ = {isa = PBXBuildFile; fileRef = 84CAF2A92D38A5C500100635 /* DKCloudKit.framework */; };
		F79017DE8D54385C4A4D910F /* Pods_DKCloudKit_Example.framework in Frameworks */ = {isa = PBXBuildFile; fileRef = E21D08F9843B2547A4E2776B /* Pods_DKCloudKit_Example.framework */; };
/* End PBXBuildFile section */

/* Begin PBXContainerItemProxy section */
		607FACE61AFB9204008FA782 /* PBXContainerItemProxy */ = {
			isa = PBXContainerItemProxy;
			containerPortal = 607FACC81AFB9204008FA782 /* Project object */;
			proxyType = 1;
			remoteGlobalIDString = 607FACCF1AFB9204008FA782;
			remoteInfo = DKCloudKit;
		};
/* End PBXContainerItemProxy section */

/* Begin PBXCopyFilesBuildPhase section */
		84CAF2A82D38A5B600100635 /* Embed Frameworks */ = {
			isa = PBXCopyFilesBuildPhase;
			buildActionMask = 2147483647;
			dstPath = "";
			dstSubfolderSpec = 10;
			files = (
				84CAF2A72D38A5B600100635 /* DKCloudKit.framework in Embed Frameworks */,
			);
			name = "Embed Frameworks";
			runOnlyForDeploymentPostprocessing = 0;
		};
/* End PBXCopyFilesBuildPhase section */

/* Begin PBXFileReference section */
		0FD146E50FB457EF844D2EE8 /* Pods-DKCloudKit_Tests.debug.xcconfig */ = {isa = PBXFileReference; includeInIndex = 1; lastKnownFileType = text.xcconfig; name = "Pods-DKCloudKit_Tests.debug.xcconfig"; path = "Target Support Files/Pods-DKCloudKit_Tests/Pods-DKCloudKit_Tests.debug.xcconfig"; sourceTree = "<group>"; };
		1A9851E343CD0B5FE8FD507C /* Pods-DKCloudKit_Tests.release.xcconfig */ = {isa = PBXFileReference; includeInIndex = 1; lastKnownFileType = text.xcconfig; name = "Pods-DKCloudKit_Tests.release.xcconfig"; path = "Target Support Files/Pods-DKCloudKit_Tests/Pods-DKCloudKit_Tests.release.xcconfig"; sourceTree = "<group>"; };
		35E3D1B66BB8C311618E7CF1 /* Pods-DKCloudKit_Example.release.xcconfig */ = {isa = PBXFileReference; includeInIndex = 1; lastKnownFileType = text.xcconfig; name = "Pods-DKCloudKit_Example.release.xcconfig"; path = "Target Support Files/Pods-DKCloudKit_Example/Pods-DKCloudKit_Example.release.xcconfig"; sourceTree = "<group>"; };
		53665BA6122C717B2890E516 /* LICENSE */ = {isa = PBXFileReference; includeInIndex = 1; lastKnownFileType = text; name = LICENSE; path = ../LICENSE; sourceTree = "<group>"; };
		5F9F84D5528D02132EE5B185 /* DKCloudKit.podspec */ = {isa = PBXFileReference; includeInIndex = 1; lastKnownFileType = text; name = DKCloudKit.podspec; path = ../DKCloudKit.podspec; sourceTree = "<group>"; xcLanguageSpecificationIdentifier = xcode.lang.ruby; };
		5FBA0CBA2DD83FAC675B7488 /* README.md */ = {isa = PBXFileReference; includeInIndex = 1; lastKnownFileType = net.daringfireball.markdown; name = README.md; path = ../README.md; sourceTree = "<group>"; };
		607FACD01AFB9204008FA782 /* DKCloudKit_Example.app */ = {isa = PBXFileReference; explicitFileType = wrapper.application; includeInIndex = 0; path = DKCloudKit_Example.app; sourceTree = BUILT_PRODUCTS_DIR; };
		607FACD41AFB9204008FA782 /* Info.plist */ = {isa = PBXFileReference; lastKnownFileType = text.plist.xml; path = Info.plist; sourceTree = "<group>"; };
		607FACD51AFB9204008FA782 /* AppDelegate.swift */ = {isa = PBXFileReference; lastKnownFileType = sourcecode.swift; path = AppDelegate.swift; sourceTree = "<group>"; };
		607FACD71AFB9204008FA782 /* ViewController.swift */ = {isa = PBXFileReference; lastKnownFileType = sourcecode.swift; path = ViewController.swift; sourceTree = "<group>"; };
		607FACDA1AFB9204008FA782 /* Base */ = {isa = PBXFileReference; lastKnownFileType = file.storyboard; name = Base; path = Base.lproj/Main.storyboard; sourceTree = "<group>"; };
		607FACDC1AFB9204008FA782 /* Images.xcassets */ = {isa = PBXFileReference; lastKnownFileType = folder.assetcatalog; path = Images.xcassets; sourceTree = "<group>"; };
		607FACDF1AFB9204008FA782 /* Base */ = {isa = PBXFileReference; lastKnownFileType = file.xib; name = Base; path = Base.lproj/LaunchScreen.xib; sourceTree = "<group>"; };
		607FACE51AFB9204008FA782 /* DKCloudKit_Tests.xctest */ = {isa = PBXFileReference; explicitFileType = wrapper.cfbundle; includeInIndex = 0; path = DKCloudKit_Tests.xctest; sourceTree = BUILT_PRODUCTS_DIR; };
		607FACEA1AFB9204008FA782 /* Info.plist */ = {isa = PBXFileReference; lastKnownFileType = text.plist.xml; path = Info.plist; sourceTree = "<group>"; };
		607FACEB1AFB9204008FA782 /* Tests.swift */ = {isa = PBXFileReference; lastKnownFileType = sourcecode.swift; path = Tests.swift; sourceTree = "<group>"; };
		84CAF2A52D38A5B600100635 /* DKCloudKit.framework */ = {isa = PBXFileReference; explicitFileType = wrapper.framework; path = DKCloudKit.framework; sourceTree = BUILT_PRODUCTS_DIR; };
		84CAF2A92D38A5C500100635 /* DKCloudKit.framework */ = {isa = PBXFileReference; explicitFileType = wrapper.framework; path = DKCloudKit.framework; sourceTree = BUILT_PRODUCTS_DIR; };
		981601A921C7EC0621012C0E /* Pods-DKCloudKit_Example.debug.xcconfig */ = {isa = PBXFileReference; includeInIndex = 1; lastKnownFileType = text.xcconfig; name = "Pods-DKCloudKit_Example.debug.xcconfig"; path = "Target Support Files/Pods-DKCloudKit_Example/Pods-DKCloudKit_Example.debug.xcconfig"; sourceTree = "<group>"; };
		CA76A9131D1790C104324AD0 /* Pods_DKCloudKit_Tests.framework */ = {isa = PBXFileReference; explicitFileType = wrapper.framework; includeInIndex = 0; path = Pods_DKCloudKit_Tests.framework; sourceTree = BUILT_PRODUCTS_DIR; };
		E21D08F9843B2547A4E2776B /* Pods_DKCloudKit_Example.framework */ = {isa = PBXFileReference; explicitFileType = wrapper.framework; includeInIndex = 0; path = Pods_DKCloudKit_Example.framework; sourceTree = BUILT_PRODUCTS_DIR; };
/* End PBXFileReference section */

/* Begin PBXFrameworksBuildPhase section */
		607FACCD1AFB9204008FA782 /* Frameworks */ = {
			isa = PBXFrameworksBuildPhase;
			buildActionMask = 2147483647;
			files = (
				84CAF2AA2D38A5C500100635 /* DKCloudKit.framework in Frameworks */,
				F79017DE8D54385C4A4D910F /* Pods_DKCloudKit_Example.framework in Frameworks */,
			);
			runOnlyForDeploymentPostprocessing = 0;
		};
		607FACE21AFB9204008FA782 /* Frameworks */ = {
			isa = PBXFrameworksBuildPhase;
			buildActionMask = 2147483647;
			files = (
				84CAF2A62D38A5B600100635 /* DKCloudKit.framework in Frameworks */,
				307610DB520B83DDF7CEC350 /* Pods_DKCloudKit_Tests.framework in Frameworks */,
			);
			runOnlyForDeploymentPostprocessing = 0;
		};
/* End PBXFrameworksBuildPhase section */

/* Begin PBXGroup section */
		31A86720A243C04BAFF52CFA /* Frameworks */ = {
			isa = PBXGroup;
			children = (
				84CAF2A92D38A5C500100635 /* DKCloudKit.framework */,
				84CAF2A52D38A5B600100635 /* DKCloudKit.framework */,
				E21D08F9843B2547A4E2776B /* Pods_DKCloudKit_Example.framework */,
				CA76A9131D1790C104324AD0 /* Pods_DKCloudKit_Tests.framework */,
			);
			name = Frameworks;
			sourceTree = "<group>";
		};
		54AA474A0A66F875D1725E53 /* Pods */ = {
			isa = PBXGroup;
			children = (
				981601A921C7EC0621012C0E /* Pods-DKCloudKit_Example.debug.xcconfig */,
				35E3D1B66BB8C311618E7CF1 /* Pods-DKCloudKit_Example.release.xcconfig */,
				0FD146E50FB457EF844D2EE8 /* Pods-DKCloudKit_Tests.debug.xcconfig */,
				1A9851E343CD0B5FE8FD507C /* Pods-DKCloudKit_Tests.release.xcconfig */,
			);
			path = Pods;
			sourceTree = "<group>";
		};
		607FACC71AFB9204008FA782 = {
			isa = PBXGroup;
			children = (
				607FACF51AFB993E008FA782 /* Podspec Metadata */,
				607FACD21AFB9204008FA782 /* Example for DKCloudKit */,
				607FACE81AFB9204008FA782 /* Tests */,
				607FACD11AFB9204008FA782 /* Products */,
				54AA474A0A66F875D1725E53 /* Pods */,
				31A86720A243C04BAFF52CFA /* Frameworks */,
			);
			sourceTree = "<group>";
		};
		607FACD11AFB9204008FA782 /* Products */ = {
			isa = PBXGroup;
			children = (
				607FACD01AFB9204008FA782 /* DKCloudKit_Example.app */,
				607FACE51AFB9204008FA782 /* DKCloudKit_Tests.xctest */,
			);
			name = Products;
			sourceTree = "<group>";
		};
		607FACD21AFB9204008FA782 /* Example for DKCloudKit */ = {
			isa = PBXGroup;
			children = (
				607FACD51AFB9204008FA782 /* AppDelegate.swift */,
				607FACD71AFB9204008FA782 /* ViewController.swift */,
				607FACD91AFB9204008FA782 /* Main.storyboard */,
				607FACDC1AFB9204008FA782 /* Images.xcassets */,
				607FACDE1AFB9204008FA782 /* LaunchScreen.xib */,
				607FACD31AFB9204008FA782 /* Supporting Files */,
			);
			name = "Example for DKCloudKit";
			path = DKCloudKit;
			sourceTree = "<group>";
		};
		607FACD31AFB9204008FA782 /* Supporting Files */ = {
			isa = PBXGroup;
			children = (
				607FACD41AFB9204008FA782 /* Info.plist */,
			);
			name = "Supporting Files";
			sourceTree = "<group>";
		};
		607FACE81AFB9204008FA782 /* Tests */ = {
			isa = PBXGroup;
			children = (
				607FACEB1AFB9204008FA782 /* Tests.swift */,
				607FACE91AFB9204008FA782 /* Supporting Files */,
			);
			path = Tests;
			sourceTree = "<group>";
		};
		607FACE91AFB9204008FA782 /* Supporting Files */ = {
			isa = PBXGroup;
			children = (
				607FACEA1AFB9204008FA782 /* Info.plist */,
			);
			name = "Supporting Files";
			sourceTree = "<group>";
		};
		607FACF51AFB993E008FA782 /* Podspec Metadata */ = {
			isa = PBXGroup;
			children = (
				5F9F84D5528D02132EE5B185 /* DKCloudKit.podspec */,
				5FBA0CBA2DD83FAC675B7488 /* README.md */,
				53665BA6122C717B2890E516 /* LICENSE */,
			);
			name = "Podspec Metadata";
			sourceTree = "<group>";
		};
/* End PBXGroup section */

/* Begin PBXNativeTarget section */
		607FACCF1AFB9204008FA782 /* DKCloudKit_Example */ = {
			isa = PBXNativeTarget;
			buildConfigurationList = 607FACEF1AFB9204008FA782 /* Build configuration list for PBXNativeTarget "DKCloudKit_Example" */;
			buildPhases = (
				7B9EE43CFCCAF06C071B461E /* [CP] Check Pods Manifest.lock */,
				607FACCC1AFB9204008FA782 /* Sources */,
				607FACCD1AFB9204008FA782 /* Frameworks */,
				607FACCE1AFB9204008FA782 /* Resources */,
				9DBE7C6DADCC7A9DEB423772 /* [CP] Embed Pods Frameworks */,
			);
			buildRules = (
			);
			dependencies = (
			);
			name = DKCloudKit_Example;
			productName = DKCloudKit;
			productReference = 607FACD01AFB9204008FA782 /* DKCloudKit_Example.app */;
			productType = "com.apple.product-type.application";
		};
		607FACE41AFB9204008FA782 /* DKCloudKit_Tests */ = {
			isa = PBXNativeTarget;
			buildConfigurationList = 607FACF21AFB9204008FA782 /* Build configuration list for PBXNativeTarget "DKCloudKit_Tests" */;
			buildPhases = (
				D322792A39F59C274D24E39F /* [CP] Check Pods Manifest.lock */,
				607FACE11AFB9204008FA782 /* Sources */,
				607FACE21AFB9204008FA782 /* Frameworks */,
				607FACE31AFB9204008FA782 /* Resources */,
				49898B55C83350753F14467C /* [CP] Embed Pods Frameworks */,
				84CAF2A82D38A5B600100635 /* Embed Frameworks */,
			);
			buildRules = (
			);
			dependencies = (
				607FACE71AFB9204008FA782 /* PBXTargetDependency */,
			);
			name = DKCloudKit_Tests;
			productName = Tests;
			productReference = 607FACE51AFB9204008FA782 /* DKCloudKit_Tests.xctest */;
			productType = "com.apple.product-type.bundle.unit-test";
		};
/* End PBXNativeTarget section */

/* Begin PBXProject section */
		607FACC81AFB9204008FA782 /* Project object */ = {
			isa = PBXProject;
			attributes = {
				LastSwiftUpdateCheck = 0830;
				LastUpgradeCheck = 0830;
				ORGANIZATIONNAME = CocoaPods;
				TargetAttributes = {
					607FACCF1AFB9204008FA782 = {
						CreatedOnToolsVersion = 6.3.1;
						DevelopmentTeam = TW6XJXZ59L;
						LastSwiftMigration = 0900;
					};
					607FACE41AFB9204008FA782 = {
						CreatedOnToolsVersion = 6.3.1;
						DevelopmentTeam = TW6XJXZ59L;
						LastSwiftMigration = 0900;
						TestTargetID = 607FACCF1AFB9204008FA782;
					};
				};
			};
			buildConfigurationList = 607FACCB1AFB9204008FA782 /* Build configuration list for PBXProject "DKCloudKit" */;
			compatibilityVersion = "Xcode 3.2";
			developmentRegion = English;
			hasScannedForEncodings = 0;
			knownRegions = (
				English,
				en,
				Base,
			);
			mainGroup = 607FACC71AFB9204008FA782;
			productRefGroup = 607FACD11AFB9204008FA782 /* Products */;
			projectDirPath = "";
			projectRoot = "";
			targets = (
				607FACCF1AFB9204008FA782 /* DKCloudKit_Example */,
				607FACE41AFB9204008FA782 /* DKCloudKit_Tests */,
			);
		};
/* End PBXProject section */

/* Begin PBXResourcesBuildPhase section */
		607FACCE1AFB9204008FA782 /* Resources */ = {
			isa = PBXResourcesBuildPhase;
			buildActionMask = 2147483647;
			files = (
				607FACDB1AFB9204008FA782 /* Main.storyboard in Resources */,
				607FACE01AFB9204008FA782 /* LaunchScreen.xib in Resources */,
				607FACDD1AFB9204008FA782 /* Images.xcassets in Resources */,
			);
			runOnlyForDeploymentPostprocessing = 0;
		};
		607FACE31AFB9204008FA782 /* Resources */ = {
			isa = PBXResourcesBuildPhase;
			buildActionMask = 2147483647;
			files = (
			);
			runOnlyForDeploymentPostprocessing = 0;
		};
/* End PBXResourcesBuildPhase section */

/* Begin PBXShellScriptBuildPhase section */
		49898B55C83350753F14467C /* [CP] Embed Pods Frameworks */ = {
			isa = PBXShellScriptBuildPhase;
			buildActionMask = 2147483647;
			files = (
			);
			inputPaths = (
				"${PODS_ROOT}/Target Support Files/Pods-DKCloudKit_Tests/Pods-DKCloudKit_Tests-frameworks.sh",
				"${BUILT_PRODUCTS_DIR}/ObjectMapper/ObjectMapper.framework",
				"${BUILT_PRODUCTS_DIR}/Starscream/Starscream.framework",
				"${BUILT_PRODUCTS_DIR}/linphone-sdk-novideo/linphonesw.framework",
				"${PODS_XCFRAMEWORKS_BUILD_DIR}/linphone-sdk-novideo/bctoolbox-ios.framework/bctoolbox-ios",
				"${PODS_XCFRAMEWORKS_BUILD_DIR}/linphone-sdk-novideo/bctoolbox.framework/bctoolbox",
				"${PODS_XCFRAMEWORKS_BUILD_DIR}/linphone-sdk-novideo/belcard.framework/belcard",
				"${PODS_XCFRAMEWORKS_BUILD_DIR}/linphone-sdk-novideo/belle-sip.framework/belle-sip",
				"${PODS_XCFRAMEWORKS_BUILD_DIR}/linphone-sdk-novideo/belr.framework/belr",
				"${PODS_XCFRAMEWORKS_BUILD_DIR}/linphone-sdk-novideo/lime.framework/lime",
				"${PODS_XCFRAMEWORKS_BUILD_DIR}/linphone-sdk-novideo/linphone.framework/linphone",
				"${PODS_XCFRAMEWORKS_BUILD_DIR}/linphone-sdk-novideo/linphonetester.framework/linphonetester",
				"${PODS_XCFRAMEWORKS_BUILD_DIR}/linphone-sdk-novideo/mediastreamer2.framework/mediastreamer2",
				"${PODS_XCFRAMEWORKS_BUILD_DIR}/linphone-sdk-novideo/msamr.framework/msamr",
				"${PODS_XCFRAMEWORKS_BUILD_DIR}/linphone-sdk-novideo/mscodec2.framework/mscodec2",
				"${PODS_XCFRAMEWORKS_BUILD_DIR}/linphone-sdk-novideo/msopenh264.framework/msopenh264",
				"${PODS_XCFRAMEWORKS_BUILD_DIR}/linphone-sdk-novideo/mssilk.framework/mssilk",
				"${PODS_XCFRAMEWORKS_BUILD_DIR}/linphone-sdk-novideo/mswebrtc.framework/mswebrtc",
				"${PODS_XCFRAMEWORKS_BUILD_DIR}/linphone-sdk-novideo/ortp.framework/ortp",
				"${PODS_XCFRAMEWORKS_BUILD_DIR}/linphone-sdk-novideo/ZXing.framework/ZXing",
			);
			name = "[CP] Embed Pods Frameworks";
			outputPaths = (
				"${TARGET_BUILD_DIR}/${FRAMEWORKS_FOLDER_PATH}/ObjectMapper.framework",
				"${TARGET_BUILD_DIR}/${FRAMEWORKS_FOLDER_PATH}/Starscream.framework",
				"${TARGET_BUILD_DIR}/${FRAMEWORKS_FOLDER_PATH}/linphonesw.framework",
				"${TARGET_BUILD_DIR}/${FRAMEWORKS_FOLDER_PATH}/bctoolbox-ios.framework",
				"${TARGET_BUILD_DIR}/${FRAMEWORKS_FOLDER_PATH}/bctoolbox.framework",
				"${TARGET_BUILD_DIR}/${FRAMEWORKS_FOLDER_PATH}/belcard.framework",
				"${TARGET_BUILD_DIR}/${FRAMEWORKS_FOLDER_PATH}/belle-sip.framework",
				"${TARGET_BUILD_DIR}/${FRAMEWORKS_FOLDER_PATH}/belr.framework",
				"${TARGET_BUILD_DIR}/${FRAMEWORKS_FOLDER_PATH}/lime.framework",
				"${TARGET_BUILD_DIR}/${FRAMEWORKS_FOLDER_PATH}/linphone.framework",
				"${TARGET_BUILD_DIR}/${FRAMEWORKS_FOLDER_PATH}/linphonetester.framework",
				"${TARGET_BUILD_DIR}/${FRAMEWORKS_FOLDER_PATH}/mediastreamer2.framework",
				"${TARGET_BUILD_DIR}/${FRAMEWORKS_FOLDER_PATH}/msamr.framework",
				"${TARGET_BUILD_DIR}/${FRAMEWORKS_FOLDER_PATH}/mscodec2.framework",
				"${TARGET_BUILD_DIR}/${FRAMEWORKS_FOLDER_PATH}/msopenh264.framework",
				"${TARGET_BUILD_DIR}/${FRAMEWORKS_FOLDER_PATH}/mssilk.framework",
				"${TARGET_BUILD_DIR}/${FRAMEWORKS_FOLDER_PATH}/mswebrtc.framework",
				"${TARGET_BUILD_DIR}/${FRAMEWORKS_FOLDER_PATH}/ortp.framework",
				"${TARGET_BUILD_DIR}/${FRAMEWORKS_FOLDER_PATH}/ZXing.framework",
			);
			runOnlyForDeploymentPostprocessing = 0;
			shellPath = /bin/sh;
			shellScript = "\"${PODS_ROOT}/Target Support Files/Pods-DKCloudKit_Tests/Pods-DKCloudKit_Tests-frameworks.sh\"\n";
			showEnvVarsInLog = 0;
		};
		7B9EE43CFCCAF06C071B461E /* [CP] Check Pods Manifest.lock */ = {
			isa = PBXShellScriptBuildPhase;
			buildActionMask = 2147483647;
			files = (
			);
			inputFileListPaths = (
			);
			inputPaths = (
				"${PODS_PODFILE_DIR_PATH}/Podfile.lock",
				"${PODS_ROOT}/Manifest.lock",
			);
			name = "[CP] Check Pods Manifest.lock";
			outputFileListPaths = (
			);
			outputPaths = (
				"$(DERIVED_FILE_DIR)/Pods-DKCloudKit_Example-checkManifestLockResult.txt",
			);
			runOnlyForDeploymentPostprocessing = 0;
			shellPath = /bin/sh;
			shellScript = "diff \"${PODS_PODFILE_DIR_PATH}/Podfile.lock\" \"${PODS_ROOT}/Manifest.lock\" > /dev/null\nif [ $? != 0 ] ; then\n    # print error to STDERR\n    echo \"error: The sandbox is not in sync with the Podfile.lock. Run 'pod install' or update your CocoaPods installation.\" >&2\n    exit 1\nfi\n# This output is used by Xcode 'outputs' to avoid re-running this script phase.\necho \"SUCCESS\" > \"${SCRIPT_OUTPUT_FILE_0}\"\n";
			showEnvVarsInLog = 0;
		};
		9DBE7C6DADCC7A9DEB423772 /* [CP] Embed Pods Frameworks */ = {
			isa = PBXShellScriptBuildPhase;
			buildActionMask = 2147483647;
			files = (
			);
			inputPaths = (
				"${PODS_ROOT}/Target Support Files/Pods-DKCloudKit_Example/Pods-DKCloudKit_Example-frameworks.sh",
				"${BUILT_PRODUCTS_DIR}/ObjectMapper/ObjectMapper.framework",
				"${BUILT_PRODUCTS_DIR}/Starscream/Starscream.framework",
				"${BUILT_PRODUCTS_DIR}/linphone-sdk-novideo/linphonesw.framework",
				"${PODS_XCFRAMEWORKS_BUILD_DIR}/linphone-sdk-novideo/bctoolbox-ios.framework/bctoolbox-ios",
				"${PODS_XCFRAMEWORKS_BUILD_DIR}/linphone-sdk-novideo/bctoolbox.framework/bctoolbox",
				"${PODS_XCFRAMEWORKS_BUILD_DIR}/linphone-sdk-novideo/belcard.framework/belcard",
				"${PODS_XCFRAMEWORKS_BUILD_DIR}/linphone-sdk-novideo/belle-sip.framework/belle-sip",
				"${PODS_XCFRAMEWORKS_BUILD_DIR}/linphone-sdk-novideo/belr.framework/belr",
				"${PODS_XCFRAMEWORKS_BUILD_DIR}/linphone-sdk-novideo/lime.framework/lime",
				"${PODS_XCFRAMEWORKS_BUILD_DIR}/linphone-sdk-novideo/linphone.framework/linphone",
				"${PODS_XCFRAMEWORKS_BUILD_DIR}/linphone-sdk-novideo/linphonetester.framework/linphonetester",
				"${PODS_XCFRAMEWORKS_BUILD_DIR}/linphone-sdk-novideo/mediastreamer2.framework/mediastreamer2",
				"${PODS_XCFRAMEWORKS_BUILD_DIR}/linphone-sdk-novideo/msamr.framework/msamr",
				"${PODS_XCFRAMEWORKS_BUILD_DIR}/linphone-sdk-novideo/mscodec2.framework/mscodec2",
				"${PODS_XCFRAMEWORKS_BUILD_DIR}/linphone-sdk-novideo/msopenh264.framework/msopenh264",
				"${PODS_XCFRAMEWORKS_BUILD_DIR}/linphone-sdk-novideo/mssilk.framework/mssilk",
				"${PODS_XCFRAMEWORKS_BUILD_DIR}/linphone-sdk-novideo/mswebrtc.framework/mswebrtc",
				"${PODS_XCFRAMEWORKS_BUILD_DIR}/linphone-sdk-novideo/ortp.framework/ortp",
				"${PODS_XCFRAMEWORKS_BUILD_DIR}/linphone-sdk-novideo/ZXing.framework/ZXing",
			);
			name = "[CP] Embed Pods Frameworks";
			outputPaths = (
				"${TARGET_BUILD_DIR}/${FRAMEWORKS_FOLDER_PATH}/ObjectMapper.framework",
				"${TARGET_BUILD_DIR}/${FRAMEWORKS_FOLDER_PATH}/Starscream.framework",
				"${TARGET_BUILD_DIR}/${FRAMEWORKS_FOLDER_PATH}/linphonesw.framework",
				"${TARGET_BUILD_DIR}/${FRAMEWORKS_FOLDER_PATH}/bctoolbox-ios.framework",
				"${TARGET_BUILD_DIR}/${FRAMEWORKS_FOLDER_PATH}/bctoolbox.framework",
				"${TARGET_BUILD_DIR}/${FRAMEWORKS_FOLDER_PATH}/belcard.framework",
				"${TARGET_BUILD_DIR}/${FRAMEWORKS_FOLDER_PATH}/belle-sip.framework",
				"${TARGET_BUILD_DIR}/${FRAMEWORKS_FOLDER_PATH}/belr.framework",
				"${TARGET_BUILD_DIR}/${FRAMEWORKS_FOLDER_PATH}/lime.framework",
				"${TARGET_BUILD_DIR}/${FRAMEWORKS_FOLDER_PATH}/linphone.framework",
				"${TARGET_BUILD_DIR}/${FRAMEWORKS_FOLDER_PATH}/linphonetester.framework",
				"${TARGET_BUILD_DIR}/${FRAMEWORKS_FOLDER_PATH}/mediastreamer2.framework",
				"${TARGET_BUILD_DIR}/${FRAMEWORKS_FOLDER_PATH}/msamr.framework",
				"${TARGET_BUILD_DIR}/${FRAMEWORKS_FOLDER_PATH}/mscodec2.framework",
				"${TARGET_BUILD_DIR}/${FRAMEWORKS_FOLDER_PATH}/msopenh264.framework",
				"${TARGET_BUILD_DIR}/${FRAMEWORKS_FOLDER_PATH}/mssilk.framework",
				"${TARGET_BUILD_DIR}/${FRAMEWORKS_FOLDER_PATH}/mswebrtc.framework",
				"${TARGET_BUILD_DIR}/${FRAMEWORKS_FOLDER_PATH}/ortp.framework",
				"${TARGET_BUILD_DIR}/${FRAMEWORKS_FOLDER_PATH}/ZXing.framework",
			);
			runOnlyForDeploymentPostprocessing = 0;
			shellPath = /bin/sh;
			shellScript = "\"${PODS_ROOT}/Target Support Files/Pods-DKCloudKit_Example/Pods-DKCloudKit_Example-frameworks.sh\"\n";
			showEnvVarsInLog = 0;
		};
		D322792A39F59C274D24E39F /* [CP] Check Pods Manifest.lock */ = {
			isa = PBXShellScriptBuildPhase;
			buildActionMask = 2147483647;
			files = (
			);
			inputFileListPaths = (
			);
			inputPaths = (
				"${PODS_PODFILE_DIR_PATH}/Podfile.lock",
				"${PODS_ROOT}/Manifest.lock",
			);
			name = "[CP] Check Pods Manifest.lock";
			outputFileListPaths = (
			);
			outputPaths = (
				"$(DERIVED_FILE_DIR)/Pods-DKCloudKit_Tests-checkManifestLockResult.txt",
			);
			runOnlyForDeploymentPostprocessing = 0;
			shellPath = /bin/sh;
			shellScript = "diff \"${PODS_PODFILE_DIR_PATH}/Podfile.lock\" \"${PODS_ROOT}/Manifest.lock\" > /dev/null\nif [ $? != 0 ] ; then\n    # print error to STDERR\n    echo \"error: The sandbox is not in sync with the Podfile.lock. Run 'pod install' or update your CocoaPods installation.\" >&2\n    exit 1\nfi\n# This output is used by Xcode 'outputs' to avoid re-running this script phase.\necho \"SUCCESS\" > \"${SCRIPT_OUTPUT_FILE_0}\"\n";
			showEnvVarsInLog = 0;
		};
/* End PBXShellScriptBuildPhase section */

/* Begin PBXSourcesBuildPhase section */
		607FACCC1AFB9204008FA782 /* Sources */ = {
			isa = PBXSourcesBuildPhase;
			buildActionMask = 2147483647;
			files = (
				607FACD81AFB9204008FA782 /* ViewController.swift in Sources */,
				607FACD61AFB9204008FA782 /* AppDelegate.swift in Sources */,
			);
			runOnlyForDeploymentPostprocessing = 0;
		};
		607FACE11AFB9204008FA782 /* Sources */ = {
			isa = PBXSourcesBuildPhase;
			buildActionMask = 2147483647;
			files = (
				607FACEC1AFB9204008FA782 /* Tests.swift in Sources */,
			);
			runOnlyForDeploymentPostprocessing = 0;
		};
/* End PBXSourcesBuildPhase section */

/* Begin PBXTargetDependency section */
		607FACE71AFB9204008FA782 /* PBXTargetDependency */ = {
			isa = PBXTargetDependency;
			target = 607FACCF1AFB9204008FA782 /* DKCloudKit_Example */;
			targetProxy = 607FACE61AFB9204008FA782 /* PBXContainerItemProxy */;
		};
/* End PBXTargetDependency section */

/* Begin PBXVariantGroup section */
		607FACD91AFB9204008FA782 /* Main.storyboard */ = {
			isa = PBXVariantGroup;
			children = (
				607FACDA1AFB9204008FA782 /* Base */,
			);
			name = Main.storyboard;
			sourceTree = "<group>";
		};
		607FACDE1AFB9204008FA782 /* LaunchScreen.xib */ = {
			isa = PBXVariantGroup;
			children = (
				607FACDF1AFB9204008FA782 /* Base */,
			);
			name = LaunchScreen.xib;
			sourceTree = "<group>";
		};
/* End PBXVariantGroup section */

/* Begin XCBuildConfiguration section */
		607FACED1AFB9204008FA782 /* Debug */ = {
			isa = XCBuildConfiguration;
			buildSettings = {
				ALWAYS_SEARCH_USER_PATHS = NO;
				CLANG_CXX_LANGUAGE_STANDARD = "gnu++0x";
				CLANG_CXX_LIBRARY = "libc++";
				CLANG_ENABLE_MODULES = YES;
				CLANG_ENABLE_OBJC_ARC = YES;
				CLANG_WARN_BLOCK_CAPTURE_AUTORELEASING = YES;
				CLANG_WARN_BOOL_CONVERSION = YES;
				CLANG_WARN_COMMA = YES;
				CLANG_WARN_CONSTANT_CONVERSION = YES;
				CLANG_WARN_DIRECT_OBJC_ISA_USAGE = YES_ERROR;
				CLANG_WARN_EMPTY_BODY = YES;
				CLANG_WARN_ENUM_CONVERSION = YES;
				CLANG_WARN_INFINITE_RECURSION = YES;
				CLANG_WARN_INT_CONVERSION = YES;
				CLANG_WARN_NON_LITERAL_NULL_CONVERSION = YES;
				CLANG_WARN_OBJC_LITERAL_CONVERSION = YES;
				CLANG_WARN_OBJC_ROOT_CLASS = YES_ERROR;
				CLANG_WARN_RANGE_LOOP_ANALYSIS = YES;
				CLANG_WARN_STRICT_PROTOTYPES = YES;
				CLANG_WARN_SUSPICIOUS_MOVE = YES;
				CLANG_WARN_UNREACHABLE_CODE = YES;
				CLANG_WARN__DUPLICATE_METHOD_MATCH = YES;
				"CODE_SIGN_IDENTITY[sdk=iphoneos*]" = "iPhone Developer";
				COPY_PHASE_STRIP = NO;
				DEBUG_INFORMATION_FORMAT = "dwarf-with-dsym";
				ENABLE_STRICT_OBJC_MSGSEND = YES;
				ENABLE_TESTABILITY = YES;
				GCC_C_LANGUAGE_STANDARD = gnu99;
				GCC_DYNAMIC_NO_PIC = NO;
				GCC_NO_COMMON_BLOCKS = YES;
				GCC_OPTIMIZATION_LEVEL = 0;
				GCC_PREPROCESSOR_DEFINITIONS = (
					"DEBUG=1",
					"$(inherited)",
				);
				GCC_SYMBOLS_PRIVATE_EXTERN = NO;
				GCC_WARN_64_TO_32_BIT_CONVERSION = YES;
				GCC_WARN_ABOUT_RETURN_TYPE = YES_ERROR;
				GCC_WARN_UNDECLARED_SELECTOR = YES;
				GCC_WARN_UNINITIALIZED_AUTOS = YES_AGGRESSIVE;
				GCC_WARN_UNUSED_FUNCTION = YES;
				GCC_WARN_UNUSED_VARIABLE = YES;
				IPHONEOS_DEPLOYMENT_TARGET = 9.3;
				MTL_ENABLE_DEBUG_INFO = YES;
				ONLY_ACTIVE_ARCH = YES;
				SDKROOT = iphoneos;
				SWIFT_OPTIMIZATION_LEVEL = "-Onone";
			};
			name = Debug;
		};
		607FACEE1AFB9204008FA782 /* Release */ = {
			isa = XCBuildConfiguration;
			buildSettings = {
				ALWAYS_SEARCH_USER_PATHS = NO;
				CLANG_CXX_LANGUAGE_STANDARD = "gnu++0x";
				CLANG_CXX_LIBRARY = "libc++";
				CLANG_ENABLE_MODULES = YES;
				CLANG_ENABLE_OBJC_ARC = YES;
				CLANG_WARN_BLOCK_CAPTURE_AUTORELEASING = YES;
				CLANG_WARN_BOOL_CONVERSION = YES;
				CLANG_WARN_COMMA = YES;
				CLANG_WARN_CONSTANT_CONVERSION = YES;
				CLANG_WARN_DIRECT_OBJC_ISA_USAGE = YES_ERROR;
				CLANG_WARN_EMPTY_BODY = YES;
				CLANG_WARN_ENUM_CONVERSION = YES;
				CLANG_WARN_INFINITE_RECURSION = YES;
				CLANG_WARN_INT_CONVERSION = YES;
				CLANG_WARN_NON_LITERAL_NULL_CONVERSION = YES;
				CLANG_WARN_OBJC_LITERAL_CONVERSION = YES;
				CLANG_WARN_OBJC_ROOT_CLASS = YES_ERROR;
				CLANG_WARN_RANGE_LOOP_ANALYSIS = YES;
				CLANG_WARN_STRICT_PROTOTYPES = YES;
				CLANG_WARN_SUSPICIOUS_MOVE = YES;
				CLANG_WARN_UNREACHABLE_CODE = YES;
				CLANG_WARN__DUPLICATE_METHOD_MATCH = YES;
				"CODE_SIGN_IDENTITY[sdk=iphoneos*]" = "iPhone Developer";
				COPY_PHASE_STRIP = NO;
				DEBUG_INFORMATION_FORMAT = "dwarf-with-dsym";
				ENABLE_NS_ASSERTIONS = NO;
				ENABLE_STRICT_OBJC_MSGSEND = YES;
				GCC_C_LANGUAGE_STANDARD = gnu99;
				GCC_NO_COMMON_BLOCKS = YES;
				GCC_WARN_64_TO_32_BIT_CONVERSION = YES;
				GCC_WARN_ABOUT_RETURN_TYPE = YES_ERROR;
				GCC_WARN_UNDECLARED_SELECTOR = YES;
				GCC_WARN_UNINITIALIZED_AUTOS = YES_AGGRESSIVE;
				GCC_WARN_UNUSED_FUNCTION = YES;
				GCC_WARN_UNUSED_VARIABLE = YES;
				IPHONEOS_DEPLOYMENT_TARGET = 9.3;
				MTL_ENABLE_DEBUG_INFO = NO;
				SDKROOT = iphoneos;
				SWIFT_OPTIMIZATION_LEVEL = "-Owholemodule";
				VALIDATE_PRODUCT = YES;
			};
			name = Release;
		};
		607FACF01AFB9204008FA782 /* Debug */ = {
			isa = XCBuildConfiguration;
			baseConfigurationReference = 981601A921C7EC0621012C0E /* Pods-DKCloudKit_Example.debug.xcconfig */;
			buildSettings = {
				ASSETCATALOG_COMPILER_APPICON_NAME = AppIcon;
				DEVELOPMENT_TEAM = TW6XJXZ59L;
				INFOPLIST_FILE = DKCloudKit/Info.plist;
				IPHONEOS_DEPLOYMENT_TARGET = 13.0;
				LD_RUNPATH_SEARCH_PATHS = "$(inherited) @executable_path/Frameworks";
				MODULE_NAME = ExampleApp;
				OTHER_LDFLAGS = (
					"$(inherited)",
					"-framework",
					"\"DKCloudKit\"",
					"-framework",
					"\"ObjectMapper\"",
					"-framework",
					"\"Starscream\"",
					"-framework",
					"\"ZXing\"",
					"-framework",
					"\"bctoolbox\"",
					"-framework",
					"\"bctoolbox-ios\"",
					"-framework",
					"\"belcard\"",
					"-framework",
					"\"belle-sip\"",
					"-framework",
					"\"belr\"",
					"-framework",
					"\"lime\"",
					"-framework",
					"\"linphone\"",
					"-framework",
					"\"linphonesw\"",
					"-framework",
					"\"linphonetester\"",
					"-framework",
					"\"mediastreamer2\"",
					"-framework",
					"\"msamr\"",
					"-framework",
					"\"mscodec2\"",
					"-framework",
					"\"msopenh264\"",
					"-framework",
					"\"mssilk\"",
					"-framework",
					"\"mswebrtc\"",
					"-framework",
					"\"ortp\"",
					"\"DKCloudCallKit\"",
					"-framework",
				);
				PRODUCT_BUNDLE_IDENTIFIER = "org.cocoapods.demo.$(PRODUCT_NAME:rfc1034identifier)";
				PRODUCT_NAME = "$(TARGET_NAME)";
				SUPPORTED_PLATFORMS = "iphoneos iphonesimulator";
				SUPPORTS_MACCATALYST = NO;
				SUPPORTS_MAC_DESIGNED_FOR_IPHONE_IPAD = NO;
				SWIFT_SWIFT3_OBJC_INFERENCE = Default;
				SWIFT_VERSION = 4.0;
				TARGETED_DEVICE_FAMILY = 1;
			};
			name = Debug;
		};
		607FACF11AFB9204008FA782 /* Release */ = {
			isa = XCBuildConfiguration;
			baseConfigurationReference = 35E3D1B66BB8C311618E7CF1 /* Pods-DKCloudKit_Example.release.xcconfig */;
			buildSettings = {
				ASSETCATALOG_COMPILER_APPICON_NAME = AppIcon;
				DEVELOPMENT_TEAM = TW6XJXZ59L;
				INFOPLIST_FILE = DKCloudKit/Info.plist;
				IPHONEOS_DEPLOYMENT_TARGET = 13.0;
				LD_RUNPATH_SEARCH_PATHS = "$(inherited) @executable_path/Frameworks";
				MODULE_NAME = ExampleApp;
				OTHER_LDFLAGS = (
					"$(inherited)",
					"-framework",
					"\"DKCloudKit\"",
					"-framework",
					"\"ObjectMapper\"",
					"-framework",
					"\"Starscream\"",
					"-framework",
					"\"ZXing\"",
					"-framework",
					"\"bctoolbox\"",
					"-framework",
					"\"bctoolbox-ios\"",
					"-framework",
					"\"belcard\"",
					"-framework",
					"\"belle-sip\"",
					"-framework",
					"\"belr\"",
					"-framework",
					"\"lime\"",
					"-framework",
					"\"linphone\"",
					"-framework",
					"\"linphonesw\"",
					"-framework",
					"\"linphonetester\"",
					"-framework",
					"\"mediastreamer2\"",
					"-framework",
					"\"msamr\"",
					"-framework",
					"\"mscodec2\"",
					"-framework",
					"\"msopenh264\"",
					"-framework",
					"\"mssilk\"",
					"-framework",
					"\"mswebrtc\"",
					"-framework",
					"\"ortp\"",
					"\"DKCloudCallKit\"",
					"-framework",
				);
				PRODUCT_BUNDLE_IDENTIFIER = "org.cocoapods.demo.$(PRODUCT_NAME:rfc1034identifier)";
				PRODUCT_NAME = "$(TARGET_NAME)";
				SUPPORTED_PLATFORMS = "iphoneos iphonesimulator";
				SUPPORTS_MACCATALYST = NO;
				SUPPORTS_MAC_DESIGNED_FOR_IPHONE_IPAD = NO;
				SWIFT_SWIFT3_OBJC_INFERENCE = Default;
				SWIFT_VERSION = 4.0;
				TARGETED_DEVICE_FAMILY = 1;
			};
			name = Release;
		};
		607FACF31AFB9204008FA782 /* Debug */ = {
			isa = XCBuildConfiguration;
			baseConfigurationReference = 0FD146E50FB457EF844D2EE8 /* Pods-DKCloudKit_Tests.debug.xcconfig */;
			buildSettings = {
				DEVELOPMENT_TEAM = TW6XJXZ59L;
				FRAMEWORK_SEARCH_PATHS = (
					"$(PLATFORM_DIR)/Developer/Library/Frameworks",
					"$(inherited)",
				);
				GCC_PREPROCESSOR_DEFINITIONS = (
					"DEBUG=1",
					"$(inherited)",
				);
				INFOPLIST_FILE = Tests/Info.plist;
				LD_RUNPATH_SEARCH_PATHS = "$(inherited) @executable_path/Frameworks @loader_path/Frameworks";
				PRODUCT_BUNDLE_IDENTIFIER = "org.cocoapods.$(PRODUCT_NAME:rfc1034identifier)";
				PRODUCT_NAME = "$(TARGET_NAME)";
				SUPPORTED_PLATFORMS = "iphoneos iphonesimulator";
				SUPPORTS_MACCATALYST = NO;
				SUPPORTS_MAC_DESIGNED_FOR_IPHONE_IPAD = NO;
				SWIFT_SWIFT3_OBJC_INFERENCE = Default;
				SWIFT_VERSION = 4.0;
				TARGETED_DEVICE_FAMILY = 1;
				TEST_HOST = "$(BUILT_PRODUCTS_DIR)/DKCloudKit_Example.app/DKCloudKit_Example";
			};
			name = Debug;
		};
		607FACF41AFB9204008FA782 /* Release */ = {
			isa = XCBuildConfiguration;
			baseConfigurationReference = 1A9851E343CD0B5FE8FD507C /* Pods-DKCloudKit_Tests.release.xcconfig */;
			buildSettings = {
				DEVELOPMENT_TEAM = TW6XJXZ59L;
				FRAMEWORK_SEARCH_PATHS = (
					"$(PLATFORM_DIR)/Developer/Library/Frameworks",
					"$(inherited)",
				);
				INFOPLIST_FILE = Tests/Info.plist;
				LD_RUNPATH_SEARCH_PATHS = "$(inherited) @executable_path/Frameworks @loader_path/Frameworks";
				PRODUCT_BUNDLE_IDENTIFIER = "org.cocoapods.$(PRODUCT_NAME:rfc1034identifier)";
				PRODUCT_NAME = "$(TARGET_NAME)";
				SUPPORTED_PLATFORMS = "iphoneos iphonesimulator";
				SUPPORTS_MACCATALYST = NO;
				SUPPORTS_MAC_DESIGNED_FOR_IPHONE_IPAD = NO;
				SWIFT_SWIFT3_OBJC_INFERENCE = Default;
				SWIFT_VERSION = 4.0;
				TARGETED_DEVICE_FAMILY = 1;
				TEST_HOST = "$(BUILT_PRODUCTS_DIR)/DKCloudKit_Example.app/DKCloudKit_Example";
			};
			name = Release;
		};
/* End XCBuildConfiguration section */

/* Begin XCConfigurationList section */
		607FACCB1AFB9204008FA782 /* Build configuration list for PBXProject "DKCloudKit" */ = {
			isa = XCConfigurationList;
			buildConfigurations = (
				607FACED1AFB9204008FA782 /* Debug */,
				607FACEE1AFB9204008FA782 /* Release */,
			);
			defaultConfigurationIsVisible = 0;
			defaultConfigurationName = Release;
		};
		607FACEF1AFB9204008FA782 /* Build configuration list for PBXNativeTarget "DKCloudKit_Example" */ = {
			isa = XCConfigurationList;
			buildConfigurations = (
				607FACF01AFB9204008FA782 /* Debug */,
				607FACF11AFB9204008FA782 /* Release */,
			);
			defaultConfigurationIsVisible = 0;
			defaultConfigurationName = Release;
		};
		607FACF21AFB9204008FA782 /* Build configuration list for PBXNativeTarget "DKCloudKit_Tests" */ = {
			isa = XCConfigurationList;
			buildConfigurations = (
				607FACF31AFB9204008FA782 /* Debug */,
				607FACF41AFB9204008FA782 /* Release */,
			);
			defaultConfigurationIsVisible = 0;
			defaultConfigurationName = Release;
		};
/* End XCConfigurationList section */
	};
	rootObject = 607FACC81AFB9204008FA782 /* Project object */;
}
